
Microsoft Visual Studio Solution File, Format Version 12.00
# Visual Studio Version 17
VisualStudioVersion = 17.3.32922.545
MinimumVisualStudioVersion = 10.0.40219.1
Project("{9A19103F-16F7-4668-BE54-9A1E7A4F7556}") = "cadmus-tool", "cadmus-tool\cadmus-tool.csproj", "{09EE8F76-0F14-431E-8955-8C3210E0298C}"
EndProject
Project("{2150E333-8FDC-42A3-9474-1A3956D46DE8}") = "Solution Items", "Solution Items", "{D5047798-0FAE-493A-A822-90E49F6343E2}"
	ProjectSection(SolutionItems) = preProject
		build-cli.ps1 = build-cli.ps1
		CHANGELOG.md = CHANGELOG.md
		Pack.bat = Pack.bat
		Push.bat = Push.bat
		README.md = README.md
		UpdatePlugins.bat = UpdatePlugins.bat
	EndProjectSection
EndProject
Project("{9A19103F-16F7-4668-BE54-9A1E7A4F7556}") = "Cadmus.Cli.Core", "Cadmus.Cli.Core\Cadmus.Cli.Core.csproj", "{28D206D4-5D96-45F2-8224-806D32C675E6}"
EndProject
Global
	GlobalSection(SolutionConfigurationPlatforms) = preSolution
		Debug|Any CPU = Debug|Any CPU
		Release|Any CPU = Release|Any CPU
	EndGlobalSection
	GlobalSection(ProjectConfigurationPlatforms) = postSolution
		{09EE8F76-0F14-431E-8955-8C3210E0298C}.Debug|Any CPU.ActiveCfg = Debug|Any CPU
		{09EE8F76-0F14-431E-8955-8C3210E0298C}.Debug|Any CPU.Build.0 = Debug|Any CPU
		{09EE8F76-0F14-431E-8955-8C3210E0298C}.Release|Any CPU.ActiveCfg = Release|Any CPU
		{09EE8F76-0F14-431E-8955-8C3210E0298C}.Release|Any CPU.Build.0 = Release|Any CPU
		{28D206D4-5D96-45F2-8224-806D32C675E6}.Debug|Any CPU.ActiveCfg = Debug|Any CPU
		{28D206D4-5D96-45F2-8224-806D32C675E6}.Debug|Any CPU.Build.0 = Debug|Any CPU
		{28D206D4-5D96-45F2-8224-806D32C675E6}.Release|Any CPU.ActiveCfg = Release|Any CPU
		{28D206D4-5D96-45F2-8224-806D32C675E6}.Release|Any CPU.Build.0 = Release|Any CPU
	EndGlobalSection
	GlobalSection(SolutionProperties) = preSolution
		HideSolutionNode = FALSE
	EndGlobalSection
	GlobalSection(ExtensibilityGlobals) = postSolution
		SolutionGuid = {CF0B80C0-6B59-412F-8F67-6FF55A97A859}
	EndGlobalSection
EndGlobal
